// !$*UTF8*$!
{
	archiveVersion = 1;
	classes = {
	};
	objectVersion = 50;
	objects = {

/* Begin PBXBuildFile section */
		97078A81215B801A00EA20B0 /* AppDelegate.m in Sources */ = {isa = PBXBuildFile; fileRef = 97078A80215B801A00EA20B0 /* AppDelegate.m */; };
		97078A84215B801A00EA20B0 /* ViewController.m in Sources */ = {isa = PBXBuildFile; fileRef = 97078A83215B801A00EA20B0 /* ViewController.m */; };
		97078A87215B801A00EA20B0 /* Main.storyboard in Resources */ = {isa = PBXBuildFile; fileRef = 97078A85215B801A00EA20B0 /* Main.storyboard */; };
		97078A89215B801B00EA20B0 /* Assets.xcassets in Resources */ = {isa = PBXBuildFile; fileRef = 97078A88215B801B00EA20B0 /* Assets.xcassets */; };
		97078A8C215B801B00EA20B0 /* LaunchScreen.storyboard in Resources */ = {isa = PBXBuildFile; fileRef = 97078A8A215B801B00EA20B0 /* LaunchScreen.storyboard */; };
		97078A8F215B801B00EA20B0 /* main.m in Sources */ = {isa = PBXBuildFile; fileRef = 97078A8E215B801B00EA20B0 /* main.m */; };
		97078A99215B801C00EA20B0 /* ___Tests.m in Sources */ = {isa = PBXBuildFile; fileRef = 97078A98215B801C00EA20B0 /* ___Tests.m */; };
		97078AA4215B801C00EA20B0 /* ___UITests.m in Sources */ = {isa = PBXBuildFile; fileRef = 97078AA3215B801C00EA20B0 /* ___UITests.m */; };
		97078AB3215B804A00EA20B0 /* CalculateView.m in Sources */ = {isa = PBXBuildFile; fileRef = 97078AB2215B804A00EA20B0 /* CalculateView.m */; };
		973AF6AA215E1686001E4268 /* Model.m in Sources */ = {isa = PBXBuildFile; fileRef = 973AF6A9215E1686001E4268 /* Model.m */; };
/* End PBXBuildFile section */

/* Begin PBXContainerItemProxy section */
		97078A95215B801C00EA20B0 /* PBXContainerItemProxy */ = {
			isa = PBXContainerItemProxy;
			containerPortal = 97078A74215B801A00EA20B0 /* Project object */;
			proxyType = 1;
			remoteGlobalIDString = 97078A7B215B801A00EA20B0;
			remoteInfo = "计算器";
		};
		97078AA0215B801C00EA20B0 /* PBXContainerItemProxy */ = {
			isa = PBXContainerItemProxy;
			containerPortal = 97078A74215B801A00EA20B0 /* Project object */;
			proxyType = 1;
			remoteGlobalIDString = 97078A7B215B801A00EA20B0;
			remoteInfo = "计算器";
		};
/* End PBXContainerItemProxy section */

/* Begin PBXFileReference section */
		97078A7C215B801A00EA20B0 /* 计算器.app */ = {isa = PBXFileReference; explicitFileType = wrapper.application; includeInIndex = 0; path = "计算器.app"; sourceTree = BUILT_PRODUCTS_DIR; };
		97078A7F215B801A00EA20B0 /* AppDelegate.h */ = {isa = PBXFileReference; lastKnownFileType = sourcecode.c.h; path = AppDelegate.h; sourceTree = "<group>"; };
		97078A80215B801A00EA20B0 /* AppDelegate.m */ = {isa = PBXFileReference; lastKnownFileType = sourcecode.c.objc; path = AppDelegate.m; sourceTree = "<group>"; };
		97078A82215B801A00EA20B0 /* ViewController.h */ = {isa = PBXFileReference; lastKnownFileType = sourcecode.c.h; path = ViewController.h; sourceTree = "<group>"; };
		97078A83215B801A00EA20B0 /* ViewController.m */ = {isa = PBXFileReference; lastKnownFileType = sourcecode.c.objc; path = ViewController.m; sourceTree = "<group>"; };
		97078A86215B801A00EA20B0 /* Base */ = {isa = PBXFileReference; lastKnownFileType = file.storyboard; name = Base; path = Base.lproj/Main.storyboard; sourceTree = "<group>"; };
		97078A88215B801B00EA20B0 /* Assets.xcassets */ = {isa = PBXFileReference; lastKnownFileType = folder.assetcatalog; path = Assets.xcassets; sourceTree = "<group>"; };
		97078A8B215B801B00EA20B0 /* Base */ = {isa = PBXFileReference; lastKnownFileType = file.storyboard; name = Base; path = Base.lproj/LaunchScreen.storyboard; sourceTree = "<group>"; };
		97078A8D215B801B00EA20B0 /* Info.plist */ = {isa = PBXFileReference; lastKnownFileType = text.plist.xml; path = Info.plist; sourceTree = "<group>"; };
		97078A8E215B801B00EA20B0 /* main.m */ = {isa = PBXFileReference; lastKnownFileType = sourcecode.c.objc; path = main.m; sourceTree = "<group>"; };
		97078A94215B801C00EA20B0 /* 计算器Tests.xctest */ = {isa = PBXFileReference; explicitFileType = wrapper.cfbundle; includeInIndex = 0; path = "计算器Tests.xctest"; sourceTree = BUILT_PRODUCTS_DIR; };
		97078A98215B801C00EA20B0 /* ___Tests.m */ = {isa = PBXFileReference; lastKnownFileType = sourcecode.c.objc; path = "___Tests.m"; sourceTree = "<group>"; };
		97078A9A215B801C00EA20B0 /* Info.plist */ = {isa = PBXFileReference; lastKnownFileType = text.plist.xml; path = Info.plist; sourceTree = "<group>"; };
		97078A9F215B801C00EA20B0 /* 计算器UITests.xctest */ = {isa = PBXFileReference; explicitFileType = wrapper.cfbundle; includeInIndex = 0; path = "计算器UITests.xctest"; sourceTree = BUILT_PRODUCTS_DIR; };
		97078AA3215B801C00EA20B0 /* ___UITests.m */ = {isa = PBXFileReference; lastKnownFileType = sourcecode.c.objc; path = "___UITests.m"; sourceTree = "<group>"; };
		97078AA5215B801C00EA20B0 /* Info.plist */ = {isa = PBXFileReference; lastKnownFileType = text.plist.xml; path = Info.plist; sourceTree = "<group>"; };
		97078AB1215B804A00EA20B0 /* CalculateView.h */ = {isa = PBXFileReference; lastKnownFileType = sourcecode.c.h; path = CalculateView.h; sourceTree = "<group>"; };
		97078AB2215B804A00EA20B0 /* CalculateView.m */ = {isa = PBXFileReference; lastKnownFileType = sourcecode.c.objc; path = CalculateView.m; sourceTree = "<group>"; };
		973AF6A8215E1686001E4268 /* Model.h */ = {isa = PBXFileReference; lastKnownFileType = sourcecode.c.h; path = Model.h; sourceTree = "<group>"; };
		973AF6A9215E1686001E4268 /* Model.m */ = {isa = PBXFileReference; lastKnownFileType = sourcecode.c.objc; path = Model.m; sourceTree = "<group>"; };
/* End PBXFileReference section */

/* Begin PBXFrameworksBuildPhase section */
		97078A79215B801A00EA20B0 /* Frameworks */ = {
			isa = PBXFrameworksBuildPhase;
			buildActionMask = 2147483647;
			files = (
			);
			runOnlyForDeploymentPostprocessing = 0;
		};
		97078A91215B801C00EA20B0 /* Frameworks */ = {
			isa = PBXFrameworksBuildPhase;
			buildActionMask = 2147483647;
			files = (
			);
			runOnlyForDeploymentPostprocessing = 0;
		};
		97078A9C215B801C00EA20B0 /* Frameworks */ = {
			isa = PBXFrameworksBuildPhase;
			buildActionMask = 2147483647;
			files = (
			);
			runOnlyForDeploymentPostprocessing = 0;
		};
/* End PBXFrameworksBuildPhase section */

/* Begin PBXGroup section */
		97078A73215B801A00EA20B0 = {
			isa = PBXGroup;
			children = (
				97078A7E215B801A00EA20B0 /* 计算器 */,
				97078A97215B801C00EA20B0 /* 计算器Tests */,
				97078AA2215B801C00EA20B0 /* 计算器UITests */,
				97078A7D215B801A00EA20B0 /* Products */,
			);
			sourceTree = "<group>";
		};
		97078A7D215B801A00EA20B0 /* Products */ = {
			isa = PBXGroup;
			children = (
				97078A7C215B801A00EA20B0 /* 计算器.app */,
				97078A94215B801C00EA20B0 /* 计算器Tests.xctest */,
				97078A9F215B801C00EA20B0 /* 计算器UITests.xctest */,
			);
			name = Products;
			sourceTree = "<group>";
		};
		97078A7E215B801A00EA20B0 /* 计算器 */ = {
			isa = PBXGroup;
			children = (
				97078A7F215B801A00EA20B0 /* AppDelegate.h */,
				97078A80215B801A00EA20B0 /* AppDelegate.m */,
				97078A82215B801A00EA20B0 /* ViewController.h */,
				97078A83215B801A00EA20B0 /* ViewController.m */,
				97078AB4215B806A00EA20B0 /* View */,
				97078A85215B801A00EA20B0 /* Main.storyboard */,
				97078A88215B801B00EA20B0 /* Assets.xcassets */,
				97078A8A215B801B00EA20B0 /* LaunchScreen.storyboard */,
				97078A8D215B801B00EA20B0 /* Info.plist */,
				97078A8E215B801B00EA20B0 /* main.m */,
			);
			path = "计算器";
			sourceTree = "<group>";
		};
		97078A97215B801C00EA20B0 /* 计算器Tests */ = {
			isa = PBXGroup;
			children = (
				97078A98215B801C00EA20B0 /* ___Tests.m */,
				97078A9A215B801C00EA20B0 /* Info.plist */,
			);
			path = "计算器Tests";
			sourceTree = "<group>";
		};
		97078AA2215B801C00EA20B0 /* 计算器UITests */ = {
			isa = PBXGroup;
			children = (
				97078AA3215B801C00EA20B0 /* ___UITests.m */,
				97078AA5215B801C00EA20B0 /* Info.plist */,
			);
			path = "计算器UITests";
			sourceTree = "<group>";
		};
		97078AB4215B806A00EA20B0 /* View */ = {
			isa = PBXGroup;
			children = (
				97078AB1215B804A00EA20B0 /* CalculateView.h */,
				97078AB2215B804A00EA20B0 /* CalculateView.m */,
				973AF6AB215E168B001E4268 /* Model */,
			);
			path = View;
			sourceTree = "<group>";
		};
		973AF6AB215E168B001E4268 /* Model */ = {
			isa = PBXGroup;
			children = (
				973AF6A8215E1686001E4268 /* Model.h */,
				973AF6A9215E1686001E4268 /* Model.m */,
			);
			path = Model;
			sourceTree = "<group>";
		};
/* End PBXGroup section */

/* Begin PBXNativeTarget section */
		97078A7B215B801A00EA20B0 /* 计算器 */ = {
			isa = PBXNativeTarget;
			buildConfigurationList = 97078AA8215B801C00EA20B0 /* Build configuration list for PBXNativeTarget "计算器" */;
			buildPhases = (
				97078A78215B801A00EA20B0 /* Sources */,
				97078A79215B801A00EA20B0 /* Frameworks */,
				97078A7A215B801A00EA20B0 /* Resources */,
			);
			buildRules = (
			);
			dependencies = (
			);
			name = "计算器";
			productName = "计算器";
			productReference = 97078A7C215B801A00EA20B0 /* 计算器.app */;
			productType = "com.apple.product-type.application";
		};
		97078A93215B801C00EA20B0 /* 计算器Tests */ = {
			isa = PBXNativeTarget;
			buildConfigurationList = 97078AAB215B801C00EA20B0 /* Build configuration list for PBXNativeTarget "计算器Tests" */;
			buildPhases = (
				97078A90215B801C00EA20B0 /* Sources */,
				97078A91215B801C00EA20B0 /* Frameworks */,
				97078A92215B801C00EA20B0 /* Resources */,
			);
			buildRules = (
			);
			dependencies = (
				97078A96215B801C00EA20B0 /* PBXTargetDependency */,
			);
			name = "计算器Tests";
			productName = "计算器Tests";
			productReference = 97078A94215B801C00EA20B0 /* 计算器Tests.xctest */;
			productType = "com.apple.product-type.bundle.unit-test";
		};
		97078A9E215B801C00EA20B0 /* 计算器UITests */ = {
			isa = PBXNativeTarget;
			buildConfigurationList = 97078AAE215B801C00EA20B0 /* Build configuration list for PBXNativeTarget "计算器UITests" */;
			buildPhases = (
				97078A9B215B801C00EA20B0 /* Sources */,
				97078A9C215B801C00EA20B0 /* Frameworks */,
				97078A9D215B801C00EA20B0 /* Resources */,
			);
			buildRules = (
			);
			dependencies = (
				97078AA1215B801C00EA20B0 /* PBXTargetDependency */,
			);
			name = "计算器UITests";
			productName = "计算器UITests";
			productReference = 97078A9F215B801C00EA20B0 /* 计算器UITests.xctest */;
			productType = "com.apple.product-type.bundle.ui-testing";
		};
/* End PBXNativeTarget section */

/* Begin PBXProject section */
		97078A74215B801A00EA20B0 /* Project object */ = {
			isa = PBXProject;
			attributes = {
				LastUpgradeCheck = 0940;
				ORGANIZATIONNAME = "强淑婷";
				TargetAttributes = {
					97078A7B215B801A00EA20B0 = {
						CreatedOnToolsVersion = 9.4;
					};
					97078A93215B801C00EA20B0 = {
						CreatedOnToolsVersion = 9.4;
						TestTargetID = 97078A7B215B801A00EA20B0;
					};
					97078A9E215B801C00EA20B0 = {
						CreatedOnToolsVersion = 9.4;
						TestTargetID = 97078A7B215B801A00EA20B0;
					};
				};
			};
			buildConfigurationList = 97078A77215B801A00EA20B0 /* Build configuration list for PBXProject "计算器" */;
			compatibilityVersion = "Xcode 9.3";
			developmentRegion = en;
			hasScannedForEncodings = 0;
			knownRegions = (
				en,
				Base,
			);
			mainGroup = 97078A73215B801A00EA20B0;
			productRefGroup = 97078A7D215B801A00EA20B0 /* Products */;
			projectDirPath = "";
			projectRoot = "";
			targets = (
				97078A7B215B801A00EA20B0 /* 计算器 */,
				97078A93215B801C00EA20B0 /* 计算器Tests */,
				97078A9E215B801C00EA20B0 /* 计算器UITests */,
			);
		};
/* End PBXProject section */

/* Begin PBXResourcesBuildPhase section */
		97078A7A215B801A00EA20B0 /* Resources */ = {
			isa = PBXResourcesBuildPhase;
			buildActionMask = 2147483647;
			files = (
				97078A8C215B801B00EA20B0 /* LaunchScreen.storyboard in Resources */,
				97078A89215B801B00EA20B0 /* Assets.xcassets in Resources */,
				97078A87215B801A00EA20B0 /* Main.storyboard in Resources */,
			);
			runOnlyForDeploymentPostprocessing = 0;
		};
		97078A92215B801C00EA20B0 /* Resources */ = {
			isa = PBXResourcesBuildPhase;
			buildActionMask = 2147483647;
			files = (
			);
			runOnlyForDeploymentPostprocessing = 0;
		};
		97078A9D215B801C00EA20B0 /* Resources */ = {
			isa = PBXResourcesBuildPhase;
			buildActionMask = 2147483647;
			files = (
			);
			runOnlyForDeploymentPostprocessing = 0;
		};
/* End PBXResourcesBuildPhase section */

/* Begin PBXSourcesBuildPhase section */
		97078A78215B801A00EA20B0 /* Sources */ = {
			isa = PBXSourcesBuildPhase;
			buildActionMask = 2147483647;
			files = (
				97078A84215B801A00EA20B0 /* ViewController.m in Sources */,
				97078A8F215B801B00EA20B0 /* main.m in Sources */,
				97078A81215B801A00EA20B0 /* AppDelegate.m in Sources */,
				97078AB3215B804A00EA20B0 /* CalculateView.m in Sources */,
				973AF6AA215E1686001E4268 /* Model.m in Sources */,
			);
			runOnlyForDeploymentPostprocessing = 0;
		};
		97078A90215B801C00EA20B0 /* Sources */ = {
			isa = PBXSourcesBuildPhase;
			buildActionMask = 2147483647;
			files = (
				97078A99215B801C00EA20B0 /* ___Tests.m in Sources */,
			);
			runOnlyForDeploymentPostprocessing = 0;
		};
		97078A9B215B801C00EA20B0 /* Sources */ = {
			isa = PBXSourcesBuildPhase;
			buildActionMask = 2147483647;
			files = (
				97078AA4215B801C00EA20B0 /* ___UITests.m in Sources */,
			);
			runOnlyForDeploymentPostprocessing = 0;
		};
/* End PBXSourcesBuildPhase section */

/* Begin PBXTargetDependency section */
		97078A96215B801C00EA20B0 /* PBXTargetDependency */ = {
			isa = PBXTargetDependency;
			target = 97078A7B215B801A00EA20B0 /* 计算器 */;
			targetProxy = 97078A95215B801C00EA20B0 /* PBXContainerItemProxy */;
		};
		97078AA1215B801C00EA20B0 /* PBXTargetDependency */ = {
			isa = PBXTargetDependency;
			target = 97078A7B215B801A00EA20B0 /* 计算器 */;
			targetProxy = 97078AA0215B801C00EA20B0 /* PBXContainerItemProxy */;
		};
/* End PBXTargetDependency section */

/* Begin PBXVariantGroup section */
		97078A85215B801A00EA20B0 /* Main.storyboard */ = {
			isa = PBXVariantGroup;
			children = (
				97078A86215B801A00EA20B0 /* Base */,
			);
			name = Main.storyboard;
			sourceTree = "<group>";
		};
		97078A8A215B801B00EA20B0 /* LaunchScreen.storyboard */ = {
			isa = PBXVariantGroup;
			children = (
				97078A8B215B801B00EA20B0 /* Base */,
			);
			name = LaunchScreen.storyboard;
			sourceTree = "<group>";
		};
/* End PBXVariantGroup section */

/* Begin XCBuildConfiguration section */
		97078AA6215B801C00EA20B0 /* Debug */ = {
			isa = XCBuildConfiguration;
			buildSettings = {
				ALWAYS_SEARCH_USER_PATHS = NO;
				CLANG_ANALYZER_NONNULL = YES;
				CLANG_ANALYZER_NUMBER_OBJECT_CONVERSION = YES_AGGRESSIVE;
				CLANG_CXX_LANGUAGE_STANDARD = "gnu++14";
				CLANG_CXX_LIBRARY = "libc++";
				CLANG_ENABLE_MODULES = YES;
				CLANG_ENABLE_OBJC_ARC = YES;
				CLANG_ENABLE_OBJC_WEAK = YES;
				CLANG_WARN_BLOCK_CAPTURE_AUTORELEASING = YES;
				CLANG_WARN_BOOL_CONVERSION = YES;
				CLANG_WARN_COMMA = YES;
				CLANG_WARN_CONSTANT_CONVERSION = YES;
				CLANG_WARN_DEPRECATED_OBJC_IMPLEMENTATIONS = YES;
				CLANG_WARN_DIRECT_OBJC_ISA_USAGE = YES_ERROR;
				CLANG_WARN_DOCUMENTATION_COMMENTS = YES;
				CLANG_WARN_EMPTY_BODY = YES;
				CLANG_WARN_ENUM_CONVERSION = YES;
				CLANG_WARN_INFINITE_RECURSION = YES;
				CLANG_WARN_INT_CONVERSION = YES;
				CLANG_WARN_NON_LITERAL_NULL_CONVERSION = YES;
				CLANG_WARN_OBJC_IMPLICIT_RETAIN_SELF = YES;
				CLANG_WARN_OBJC_LITERAL_CONVERSION = YES;
				CLANG_WARN_OBJC_ROOT_CLASS = YES_ERROR;
				CLANG_WARN_RANGE_LOOP_ANALYSIS = YES;
				CLANG_WARN_STRICT_PROTOTYPES = YES;
				CLANG_WARN_SUSPICIOUS_MOVE = YES;
				CLANG_WARN_UNGUARDED_AVAILABILITY = YES_AGGRESSIVE;
				CLANG_WARN_UNREACHABLE_CODE = YES;
				CLANG_WARN__DUPLICATE_METHOD_MATCH = YES;
				CODE_SIGN_IDENTITY = "iPhone Developer";
				COPY_PHASE_STRIP = NO;
				DEBUG_INFORMATION_FORMAT = dwarf;
				ENABLE_STRICT_OBJC_MSGSEND = YES;
				ENABLE_TESTABILITY = YES;
				GCC_C_LANGUAGE_STANDARD = gnu11;
				GCC_DYNAMIC_NO_PIC = NO;
				GCC_NO_COMMON_BLOCKS = YES;
				GCC_OPTIMIZATION_LEVEL = 0;
				GCC_PREPROCESSOR_DEFINITIONS = (
					"DEBUG=1",
					"$(inherited)",
				);
				GCC_WARN_64_TO_32_BIT_CONVERSION = YES;
				GCC_WARN_ABOUT_RETURN_TYPE = YES_ERROR;
				GCC_WARN_UNDECLARED_SELECTOR = YES;
				GCC_WARN_UNINITIALIZED_AUTOS = YES_AGGRESSIVE;
				GCC_WARN_UNUSED_FUNCTION = YES;
				GCC_WARN_UNUSED_VARIABLE = YES;
				IPHONEOS_DEPLOYMENT_TARGET = 11.4;
				MTL_ENABLE_DEBUG_INFO = YES;
				ONLY_ACTIVE_ARCH = YES;
				SDKROOT = iphoneos;
			};
			name = Debug;
		};
		97078AA7215B801C00EA20B0 /* Release */ = {
			isa = XCBuildConfiguration;
			buildSettings = {
				ALWAYS_SEARCH_USER_PATHS = NO;
				CLANG_ANALYZER_NONNULL = YES;
				CLANG_ANALYZER_NUMBER_OBJECT_CONVERSION = YES_AGGRESSIVE;
				CLANG_CXX_LANGUAGE_STANDARD = "gnu++14";
				CLANG_CXX_LIBRARY = "libc++";
				CLANG_ENABLE_MODULES = YES;
				CLANG_ENABLE_OBJC_ARC = YES;
				CLANG_ENABLE_OBJC_WEAK = YES;
				CLANG_WARN_BLOCK_CAPTURE_AUTORELEASING = YES;
				CLANG_WARN_BOOL_CONVERSION = YES;
				CLANG_WARN_COMMA = YES;
				CLANG_WARN_CONSTANT_CONVERSION = YES;
				CLANG_WARN_DEPRECATED_OBJC_IMPLEMENTATIONS = YES;
				CLANG_WARN_DIRECT_OBJC_ISA_USAGE = YES_ERROR;
				CLANG_WARN_DOCUMENTATION_COMMENTS = YES;
				CLANG_WARN_EMPTY_BODY = YES;
				CLANG_WARN_ENUM_CONVERSION = YES;
				CLANG_WARN_INFINITE_RECURSION = YES;
				CLANG_WARN_INT_CONVERSION = YES;
				CLANG_WARN_NON_LITERAL_NULL_CONVERSION = YES;
				CLANG_WARN_OBJC_IMPLICIT_RETAIN_SELF = YES;
				CLANG_WARN_OBJC_LITERAL_CONVERSION = YES;
				CLANG_WARN_OBJC_ROOT_CLASS = YES_ERROR;
				CLANG_WARN_RANGE_LOOP_ANALYSIS = YES;
				CLANG_WARN_STRICT_PROTOTYPES = YES;
				CLANG_WARN_SUSPICIOUS_MOVE = YES;
				CLANG_WARN_UNGUARDED_AVAILABILITY = YES_AGGRESSIVE;
				CLANG_WARN_UNREACHABLE_CODE = YES;
				CLANG_WARN__DUPLICATE_METHOD_MATCH = YES;
				CODE_SIGN_IDENTITY = "iPhone Developer";
				COPY_PHASE_STRIP = NO;
				DEBUG_INFORMATION_FORMAT = "dwarf-with-dsym";
				ENABLE_NS_ASSERTIONS = NO;
				ENABLE_STRICT_OBJC_MSGSEND = YES;
				GCC_C_LANGUAGE_STANDARD = gnu11;
				GCC_NO_COMMON_BLOCKS = YES;
				GCC_WARN_64_TO_32_BIT_CONVERSION = YES;
				GCC_WARN_ABOUT_RETURN_TYPE = YES_ERROR;
				GCC_WARN_UNDECLARED_SELECTOR = YES;
				GCC_WARN_UNINITIALIZED_AUTOS = YES_AGGRESSIVE;
				GCC_WARN_UNUSED_FUNCTION = YES;
				GCC_WARN_UNUSED_VARIABLE = YES;
				IPHONEOS_DEPLOYMENT_TARGET = 11.4;
				MTL_ENABLE_DEBUG_INFO = NO;
				SDKROOT = iphoneos;
				VALIDATE_PRODUCT = YES;
			};
			name = Release;
		};
		97078AA9215B801C00EA20B0 /* Debug */ = {
			isa = XCBuildConfiguration;
			buildSettings = {
				ASSETCATALOG_COMPILER_APPICON_NAME = AppIcon;
				CODE_SIGN_STYLE = Automatic;
				INFOPLIST_FILE = "计算器/Info.plist";
				LD_RUNPATH_SEARCH_PATHS = (
					"$(inherited)",
					"@executable_path/Frameworks",
				);
				PRODUCT_BUNDLE_IDENTIFIER = "-.---";
				PRODUCT_NAME = "$(TARGET_NAME)";
				TARGETED_DEVICE_FAMILY = "1,2";
			};
			name = Debug;
		};
		97078AAA215B801C00EA20B0 /* Release */ = {
			isa = XCBuildConfiguration;
			buildSettings = {
				ASSETCATALOG_COMPILER_APPICON_NAME = AppIcon;
				CODE_SIGN_STYLE = Automatic;
				INFOPLIST_FILE = "计算器/Info.plist";
				LD_RUNPATH_SEARCH_PATHS = (
					"$(inherited)",
					"@executable_path/Frameworks",
				);
				PRODUCT_BUNDLE_IDENTIFIER = "-.---";
				PRODUCT_NAME = "$(TARGET_NAME)";
				TARGETED_DEVICE_FAMILY = "1,2";
			};
			name = Release;
		};
		97078AAC215B801C00EA20B0 /* Debug */ = {
			isa = XCBuildConfiguration;
			buildSettings = {
				BUNDLE_LOADER = "$(TEST_HOST)";
				CODE_SIGN_STYLE = Automatic;
				INFOPLIST_FILE = "计算器Tests/Info.plist";
				LD_RUNPATH_SEARCH_PATHS = (
					"$(inherited)",
					"@executable_path/Frameworks",
					"@loader_path/Frameworks",
				);
				PRODUCT_BUNDLE_IDENTIFIER = "-.---Tests";
				PRODUCT_NAME = "$(TARGET_NAME)";
				TARGETED_DEVICE_FAMILY = "1,2";
				TEST_HOST = "$(BUILT_PRODUCTS_DIR)/计算器.app/计算器";
			};
			name = Debug;
		};
		97078AAD215B801C00EA20B0 /* Release */ = {
			isa = XCBuildConfiguration;
			buildSettings = {
				BUNDLE_LOADER = "$(TEST_HOST)";
				CODE_SIGN_STYLE = Automatic;
				INFOPLIST_FILE = "计算器Tests/Info.plist";
				LD_RUNPATH_SEARCH_PATHS = (
					"$(inherited)",
					"@executable_path/Frameworks",
					"@loader_path/Frameworks",
				);
				PRODUCT_BUNDLE_IDENTIFIER = "-.---Tests";
				PRODUCT_NAME = "$(TARGET_NAME)";
				TARGETED_DEVICE_FAMILY = "1,2";
				TEST_HOST = "$(BUILT_PRODUCTS_DIR)/计算器.app/计算器";
			};
			name = Release;
		};
		97078AAF215B801C00EA20B0 /* Debug */ = {
			isa = XCBuildConfiguration;
			buildSettings = {
				CODE_SIGN_STYLE = Automatic;
				INFOPLIST_FILE = "计算器UITests/Info.plist";
				LD_RUNPATH_SEARCH_PATHS = (
					"$(inherited)",
					"@executable_path/Frameworks",
					"@loader_path/Frameworks",
				);
				PRODUCT_BUNDLE_IDENTIFIER = "-.---UITests";
				PRODUCT_NAME = "$(TARGET_NAME)";
				TARGETED_DEVICE_FAMILY = "1,2";
				TEST_TARGET_NAME = "计算器";
			};
			name = Debug;
		};
		97078AB0215B801C00EA20B0 /* Release */ = {
			isa = XCBuildConfiguration;
			buildSettings = {
				CODE_SIGN_STYLE = Automatic;
				INFOPLIST_FILE = "计算器UITests/Info.plist";
				LD_RUNPATH_SEARCH_PATHS = (
					"$(inherited)",
					"@executable_path/Frameworks",
					"@loader_path/Frameworks",
				);
				PRODUCT_BUNDLE_IDENTIFIER = "-.---UITests";
				PRODUCT_NAME = "$(TARGET_NAME)";
				TARGETED_DEVICE_FAMILY = "1,2";
				TEST_TARGET_NAME = "计算器";
			};
			name = Release;
		};
/* End XCBuildConfiguration section */

/* Begin XCConfigurationList section */
		97078A77215B801A00EA20B0 /* Build configuration list for PBXProject "计算器" */ = {
			isa = XCConfigurationList;
			buildConfigurations = (
				97078AA6215B801C00EA20B0 /* Debug */,
				97078AA7215B801C00EA20B0 /* Release */,
			);
			defaultConfigurationIsVisible = 0;
			defaultConfigurationName = Release;
		};
		97078AA8215B801C00EA20B0 /* Build configuration list for PBXNativeTarget "计算器" */ = {
			isa = XCConfigurationList;
			buildConfigurations = (
				97078AA9215B801C00EA20B0 /* Debug */,
				97078AAA215B801C00EA20B0 /* Release */,
			);
			defaultConfigurationIsVisible = 0;
			defaultConfigurationName = Release;
		};
		97078AAB215B801C00EA20B0 /* Build configuration list for PBXNativeTarget "计算器Tests" */ = {
			isa = XCConfigurationList;
			buildConfigurations = (
				97078AAC215B801C00EA20B0 /* Debug */,
				97078AAD215B801C00EA20B0 /* Release */,
			);
			defaultConfigurationIsVisible = 0;
			defaultConfigurationName = Release;
		};
		97078AAE215B801C00EA20B0 /* Build configuration list for PBXNativeTarget "计算器UITests" */ = {
			isa = XCConfigurationList;
			buildConfigurations = (
				97078AAF215B801C00EA20B0 /* Debug */,
				97078AB0215B801C00EA20B0 /* Release */,
			);
			defaultConfigurationIsVisible = 0;
			defaultConfigurationName = Release;
		};
/* End XCConfigurationList section */
	};
	rootObject = 97078A74215B801A00EA20B0 /* Project object */;
}
